
Microsoft Visual Studio Solution File, Format Version 12.00
# Visual Studio 15
VisualStudioVersion = 15.0.28307.102
MinimumVisualStudioVersion = 10.0.40219.1
Project("{FAE04EC0-301F-11D3-BF4B-00C04F79EFBC}") = "WebApi", "WebApi\WebApi.csproj", "{3F3B26D7-EDD1-4032-A0A9-B8C97A24BE4B}"
EndProject
Global
	GlobalSection(SolutionConfigurationPlatforms) = preSolution
		Debug|Any CPU = Debug|Any CPU
		Release|Any CPU = Release|Any CPU
	EndGlobalSection
	GlobalSection(ProjectConfigurationPlatforms) = postSolution
		{3F3B26D7-EDD1-4032-A0A9-B8C97A24BE4B}.Debug|Any CPU.ActiveCfg = Debug|Any CPU
		{3F3B26D7-EDD1-4032-A0A9-B8C97A24BE4B}.Debug|Any CPU.Build.0 = Debug|Any CPU
		{3F3B26D7-EDD1-4032-A0A9-B8C97A24BE4B}.Release|Any CPU.ActiveCfg = Release|Any CPU
		{3F3B26D7-EDD1-4032-A0A9-B8C97A24BE4B}.Release|Any CPU.Build.0 = Release|Any CPU
	EndGlobalSection
	GlobalSection(SolutionProperties) = preSolution
		HideSolutionNode = FALSE
	EndGlobalSection
	GlobalSection(ExtensibilityGlobals) = postSolution
		SolutionGuid = {C6F064F2-6C87-4E65-B47E-1E8D14311426}
	EndGlobalSection
EndGlobal
